{
	"name": "@wpmedia/rss-fbia-feature-block",
	"version": "1.2.0",
	"lockfileVersion": 2,
	"requires": true,
	"packages": {
		"": {
			"name": "@wpmedia/rss-fbia-feature-block",
			"version": "1.2.0",
			"license": "CC-BY-NC-ND-4.0",
			"dependencies": {
				"jmespath": "^0.15.0",
				"moment": "^2.24.0",
				"xmlbuilder2": "2.1.7"
			}
		},
		"../../utils/content-elements": {
			"name": "@wpmedia/feeds-content-elements",
			"version": "1.0.1",
			"extraneous": true,
			"license": "UNLICENSED",
			"dependencies": {
				"@wpmedia/feeds-find-video-stream": "1.0.1",
				"@wpmedia/feeds-resizer": "1.0.1",
				"he": "^1.2.0",
				"jmespath": "^0.15.0",
				"xmlbuilder2": "2.1.2"
			}
		},
		"../../utils/find-video-stream": {
			"name": "@wpmedia/feeds-find-video-stream",
			"version": "1.0.1",
			"extraneous": true,
			"license": "UNLICENSED",
			"dependencies": {
				"jmespath": "^0.15.0"
			}
		},
		"../../utils/prop-types": {
			"name": "@wpmedia/feeds-prop-types",
			"version": "1.0.1",
			"extraneous": true,
			"license": "UNLICENSED",
			"dependencies": {
				"prop-types": "^15.7.2"
			}
		},
		"../../utils/resizer": {
			"name": "@wpmedia/feeds-resizer",
			"version": "1.0.1",
			"extraneous": true,
			"license": "UNLICENSED",
			"dependencies": {
				"thumbor-lite": "^0.1.8"
			}
		},
		"node_modules/jmespath": {
			"version": "0.15.0",
			"engines": {
				"node": ">= 0.6.0"
			}
		},
		"node_modules/moment": {
			"version": "2.29.1",
			"license": "MIT",
			"engines": {
				"node": "*"
			}
		},
		"node_modules/xmlbuilder2": {
			"version": "2.1.7",
			"license": "MIT",
			"dependencies": {
				"@oozcitak/dom": "1.15.8",
				"@oozcitak/infra": "1.0.8",
				"@oozcitak/util": "8.3.8"
			},
			"engines": {
				"node": ">=10.0"
			}
		},
		"node_modules/xmlbuilder2/node_modules/@oozcitak/dom": {
			"version": "1.15.8",
			"license": "MIT",
			"dependencies": {
				"@oozcitak/infra": "1.0.8",
				"@oozcitak/url": "1.0.4",
				"@oozcitak/util": "8.3.8"
			},
			"engines": {
				"node": ">=8.0"
			}
		},
		"node_modules/xmlbuilder2/node_modules/@oozcitak/infra": {
			"version": "1.0.8",
			"license": "MIT",
			"dependencies": {
				"@oozcitak/util": "8.3.8"
			},
			"engines": {
				"node": ">=6.0"
			}
		},
		"node_modules/xmlbuilder2/node_modules/@oozcitak/url": {
			"version": "1.0.4",
			"license": "MIT",
			"dependencies": {
				"@oozcitak/infra": "1.0.8",
				"@oozcitak/util": "8.3.8"
			},
			"engines": {
				"node": ">=8.0"
			}
		},
		"node_modules/xmlbuilder2/node_modules/@oozcitak/util": {
			"version": "8.3.8",
			"license": "MIT",
			"engines": {
				"node": ">=8.0"
			}
		}
	},
	"dependencies": {
		"jmespath": {
			"version": "0.15.0"
		},
		"moment": {
			"version": "2.29.1"
		},
		"xmlbuilder2": {
			"version": "2.1.7",
			"requires": {
				"@oozcitak/dom": "1.15.8",
				"@oozcitak/infra": "1.0.8",
				"@oozcitak/util": "8.3.8"
			},
			"dependencies": {
				"@oozcitak/dom": {
					"version": "1.15.8",
					"requires": {
						"@oozcitak/infra": "1.0.8",
						"@oozcitak/url": "1.0.4",
						"@oozcitak/util": "8.3.8"
					}
				},
				"@oozcitak/infra": {
					"version": "1.0.8",
					"requires": {
						"@oozcitak/util": "8.3.8"
					}
				},
				"@oozcitak/url": {
					"version": "1.0.4",
					"requires": {
						"@oozcitak/infra": "1.0.8",
						"@oozcitak/util": "8.3.8"
					}
				},
				"@oozcitak/util": {
					"version": "8.3.8"
				}
			}
		}
	}
}
