{
	"name": "@wpmedia/feeds-content-elements",
	"version": "1.0.1",
	"lockfileVersion": 2,
	"requires": true,
	"packages": {
		"": {
			"name": "@wpmedia/feeds-content-elements",
			"version": "1.0.1",
			"license": "UNLICENSED",
			"dependencies": {
				"he": "^1.2.0",
				"jmespath": "^0.15.0",
				"xmlbuilder2": "2.1.2"
			}
		},
		"../find-video-stream": {
			"name": "@wpmedia/feeds-find-video-stream",
			"version": "1.0.1",
			"extraneous": true,
			"license": "UNLICENSED",
			"dependencies": {
				"jmespath": "^0.15.0"
			}
		},
		"../resizer": {
			"name": "@wpmedia/feeds-resizer",
			"version": "1.0.1",
			"extraneous": true,
			"license": "UNLICENSED",
			"dependencies": {
				"thumbor-lite": "^0.1.8"
			}
		},
		"node_modules/@oozcitak/dom": {
			"version": "1.15.5",
			"license": "MIT",
			"dependencies": {
				"@oozcitak/infra": "1.0.5",
				"@oozcitak/url": "1.0.0",
				"@oozcitak/util": "8.0.0"
			},
			"engines": {
				"node": ">=8.0"
			}
		},
		"node_modules/@oozcitak/dom/node_modules/@oozcitak/util": {
			"version": "8.0.0",
			"license": "MIT",
			"engines": {
				"node": ">=6.0"
			}
		},
		"node_modules/@oozcitak/infra": {
			"version": "1.0.5",
			"license": "MIT",
			"dependencies": {
				"@oozcitak/util": "8.0.0"
			},
			"engines": {
				"node": ">=6.0"
			}
		},
		"node_modules/@oozcitak/infra/node_modules/@oozcitak/util": {
			"version": "8.0.0",
			"license": "MIT",
			"engines": {
				"node": ">=6.0"
			}
		},
		"node_modules/@oozcitak/url": {
			"version": "1.0.0",
			"license": "MIT",
			"dependencies": {
				"@oozcitak/infra": "1.0.3",
				"@oozcitak/util": "1.0.2"
			},
			"engines": {
				"node": ">=8.0"
			}
		},
		"node_modules/@oozcitak/url/node_modules/@oozcitak/infra": {
			"version": "1.0.3",
			"license": "MIT",
			"dependencies": {
				"@oozcitak/util": "1.0.1"
			},
			"engines": {
				"node": ">=6.0"
			}
		},
		"node_modules/@oozcitak/url/node_modules/@oozcitak/infra/node_modules/@oozcitak/util": {
			"version": "1.0.1",
			"license": "MIT",
			"engines": {
				"node": ">=6.0"
			}
		},
		"node_modules/@oozcitak/url/node_modules/@oozcitak/util": {
			"version": "1.0.2",
			"license": "MIT",
			"engines": {
				"node": ">=6.0"
			}
		},
		"node_modules/@oozcitak/util": {
			"version": "8.3.3",
			"license": "MIT",
			"engines": {
				"node": ">=6.0"
			}
		},
		"node_modules/he": {
			"version": "1.2.0",
			"license": "MIT",
			"bin": {
				"he": "bin/he"
			}
		},
		"node_modules/jmespath": {
			"version": "0.15.0",
			"engines": {
				"node": ">= 0.6.0"
			}
		},
		"node_modules/xmlbuilder2": {
			"version": "2.1.2",
			"license": "MIT",
			"dependencies": {
				"@oozcitak/dom": "1.15.5",
				"@oozcitak/infra": "1.0.5",
				"@oozcitak/util": "8.3.3"
			},
			"engines": {
				"node": ">=8.0"
			}
		}
	},
	"dependencies": {
		"@oozcitak/dom": {
			"version": "1.15.5",
			"requires": {
				"@oozcitak/infra": "1.0.5",
				"@oozcitak/url": "1.0.0",
				"@oozcitak/util": "8.0.0"
			},
			"dependencies": {
				"@oozcitak/util": {
					"version": "8.0.0"
				}
			}
		},
		"@oozcitak/infra": {
			"version": "1.0.5",
			"requires": {
				"@oozcitak/util": "8.0.0"
			},
			"dependencies": {
				"@oozcitak/util": {
					"version": "8.0.0"
				}
			}
		},
		"@oozcitak/url": {
			"version": "1.0.0",
			"requires": {
				"@oozcitak/infra": "1.0.3",
				"@oozcitak/util": "1.0.2"
			},
			"dependencies": {
				"@oozcitak/infra": {
					"version": "1.0.3",
					"requires": {
						"@oozcitak/util": "1.0.1"
					},
					"dependencies": {
						"@oozcitak/util": {
							"version": "1.0.1"
						}
					}
				},
				"@oozcitak/util": {
					"version": "1.0.2"
				}
			}
		},
		"@oozcitak/util": {
			"version": "8.3.3"
		},
		"he": {
			"version": "1.2.0"
		},
		"jmespath": {
			"version": "0.15.0"
		},
		"xmlbuilder2": {
			"version": "2.1.2",
			"requires": {
				"@oozcitak/dom": "1.15.5",
				"@oozcitak/infra": "1.0.5",
				"@oozcitak/util": "8.3.3"
			}
		}
	}
}
