{
	"name": "@wpmedia/sitemap-video-feature-block",
	"version": "1.2.0",
	"lockfileVersion": 2,
	"requires": true,
	"packages": {
		"": {
			"name": "@wpmedia/sitemap-video-feature-block",
			"version": "1.2.0",
			"license": "CC-BY-NC-ND-4.0",
			"dependencies": {
				"jmespath": "^0.15.0"
			}
		},
		"node_modules/jmespath": {
			"version": "0.15.0",
			"resolved": "https://registry.npmjs.org/jmespath/-/jmespath-0.15.0.tgz",
			"integrity": "sha1-o/Iiqarp+Wb10nx5ZRDigJF2Qhc=",
			"engines": {
				"node": ">= 0.6.0"
			}
		}
	},
	"dependencies": {
		"jmespath": {
			"version": "0.15.0",
			"resolved": "https://registry.npmjs.org/jmespath/-/jmespath-0.15.0.tgz",
			"integrity": "sha1-o/Iiqarp+Wb10nx5ZRDigJF2Qhc="
		}
	}
}
