{
  "name": "@wpmedia/sitemap-feature-block",
  "version": "1.0.0",
  "lockfileVersion": 1,
  "requires": true,
  "dependencies": {
    "@wpmedia/feeds-prop-types": {
      "version": "1.0.0",
      "resolved": "https://npm.pkg.github.com/download/@wpmedia/feeds-prop-types/1.0.0/4c6134d1782d0a6d384d33a76ff736148c62d649497a6cc253510ef82e81ebac",
      "integrity": "sha512-Q5H5Orw1YMd7GQ1TptY3hnvClqLM9aAdoRJ0C6QlBhFn+iNOZyErzC4TrM4kdUOon0kKqvEt6sYvflIkmXSwBA==",
      "requires": {
        "core-js": "^3.9.1",
        "prop-types": "^15.7.2"
      }
    },
    "@wpmedia/feeds-resizer": {
      "version": "1.0.0",
      "resolved": "https://npm.pkg.github.com/download/@wpmedia/feeds-resizer/1.0.0/2c557e6f3f328d2203be868a656192c9a7f5375b6f32a19114e267a5fd170288",
      "integrity": "sha512-rm493Hch8LB83eu/Ueux0mPEr4mqyidp5+YEawrwgDJFZ9n4YEDZSRKVIbKYTg7w6pM6+dsUcdVreCEGRFslMw==",
      "requires": {
        "core-js": "^3.9.1",
        "thumbor-lite": "^0.1.8"
      }
    },
    "cipher-base": {
      "version": "1.0.4",
      "resolved": "https://registry.npmjs.org/cipher-base/-/cipher-base-1.0.4.tgz",
      "integrity": "sha512-Kkht5ye6ZGmwv40uUDZztayT2ThLQGfnj/T71N/XzeZeo3nf8foyW7zGTsPYkEya3m5f3cAypH+qe7YOrM1U2Q==",
      "requires": {
        "inherits": "^2.0.1",
        "safe-buffer": "^5.0.1"
      }
    },
    "core-js": {
      "version": "3.9.1",
      "resolved": "https://registry.npmjs.org/core-js/-/core-js-3.9.1.tgz",
      "integrity": "sha512-gSjRvzkxQc1zjM/5paAmL4idJBFzuJoo+jDjF1tStYFMV2ERfD02HhahhCGXUyHxQRG4yFKVSdO6g62eoRMcDg=="
    },
    "inherits": {
      "version": "2.0.4",
      "resolved": "https://registry.npmjs.org/inherits/-/inherits-2.0.4.tgz",
      "integrity": "sha512-k/vGaX4/Yla3WzyMCvTQOXYeIHvqOKtnqBduzTHpzpQZzAskKMhZ2K+EnBiSM9zGSoIFeMpXKxa4dYeZIQqewQ=="
    },
    "js-tokens": {
      "version": "4.0.0",
      "resolved": "https://registry.npmjs.org/js-tokens/-/js-tokens-4.0.0.tgz",
      "integrity": "sha512-RdJUflcE3cUzKiMqQgsCu06FPu9UdIJO0beYbPhHN4k6apgJtifcoCtT9bcxOpYBtpD2kCM6Sbzg4CausW/PKQ=="
    },
    "loose-envify": {
      "version": "1.4.0",
      "resolved": "https://registry.npmjs.org/loose-envify/-/loose-envify-1.4.0.tgz",
      "integrity": "sha512-lyuxPGr/Wfhrlem2CL/UcnUc1zcqKAImBDzukY7Y5F/yQiNdko6+fRLevlw1HgMySw7f611UIY408EtxRSoK3Q==",
      "requires": {
        "js-tokens": "^3.0.0 || ^4.0.0"
      }
    },
    "object-assign": {
      "version": "4.1.1",
      "resolved": "https://registry.npmjs.org/object-assign/-/object-assign-4.1.1.tgz",
      "integrity": "sha1-IQmtx5ZYh8/AXLvUQsrIv7s2CGM="
    },
    "prop-types": {
      "version": "15.7.2",
      "resolved": "https://registry.npmjs.org/prop-types/-/prop-types-15.7.2.tgz",
      "integrity": "sha512-8QQikdH7//R2vurIJSutZ1smHYTcLpRWEOlHnzcWHmBYrOGUysKwSsrC89BCiFj3CbrfJ/nXFdJepOVrY1GCHQ==",
      "requires": {
        "loose-envify": "^1.4.0",
        "object-assign": "^4.1.1",
        "react-is": "^16.8.1"
      }
    },
    "react-is": {
      "version": "16.13.1",
      "resolved": "https://registry.npmjs.org/react-is/-/react-is-16.13.1.tgz",
      "integrity": "sha512-24e6ynE2H+OKt4kqsOvNd8kBpV65zoxbA4BVsEOB3ARVWQki/DHzaUoC5KuON/BiccDaCCTZBuOcfZs70kR8bQ=="
    },
    "safe-buffer": {
      "version": "5.2.1",
      "resolved": "https://registry.npmjs.org/safe-buffer/-/safe-buffer-5.2.1.tgz",
      "integrity": "sha512-rp3So07KcdmmKbGvgaNxQSJr7bGVSVk5S9Eq1F+ppbRo70+YeaDxkw5Dd8NPN+GD6bjnYm2VuPuCXmpuYvmCXQ=="
    },
    "thumbor-lite": {
      "version": "0.1.8",
      "resolved": "https://registry.npmjs.org/thumbor-lite/-/thumbor-lite-0.1.8.tgz",
      "integrity": "sha512-8C0Ohi2vi0/JVdhRVzNEhtF3MptFp3r9Br0nU3rjor3m5zhGL6QtGJZPV42NJ/e8qyVisZtr0d/Ew4mBz5w4OQ==",
      "requires": {
        "cipher-base": "^1.0.4",
        "inherits": "^2.0.4",
        "safe-buffer": "^5.2.0"
      }
    }
  }
}
