{
  "name": "@wpmedia/sitemap-feature-block",
  "version": "1.2.0",
  "lockfileVersion": 2,
  "requires": true,
  "packages": {
    "": {
      "name": "@wpmedia/sitemap-feature-block",
      "version": "1.2.0",
      "license": "CC-BY-NC-ND-4.0",
      "dependencies": {
        "@wpmedia/feeds-prop-types": "1.0.1",
        "@wpmedia/feeds-resizer": "1.0.1"
      }
    },
    "../../utils/prop-types": {
      "name": "@wpmedia/feeds-prop-types",
      "version": "1.0.1",
      "license": "UNLICENSED",
      "dependencies": {
        "prop-types": "^15.7.2"
      }
    },
    "../../utils/prop-types/node_modules/js-tokens": {
      "version": "4.0.0",
      "license": "MIT"
    },
    "../../utils/prop-types/node_modules/loose-envify": {
      "version": "1.4.0",
      "license": "MIT",
      "dependencies": {
        "js-tokens": "^3.0.0 || ^4.0.0"
      },
      "bin": {
        "loose-envify": "cli.js"
      }
    },
    "../../utils/prop-types/node_modules/object-assign": {
      "version": "4.1.1",
      "license": "MIT",
      "engines": {
        "node": ">=0.10.0"
      }
    },
    "../../utils/prop-types/node_modules/prop-types": {
      "version": "15.7.2",
      "license": "MIT",
      "dependencies": {
        "loose-envify": "^1.4.0",
        "object-assign": "^4.1.1",
        "react-is": "^16.8.1"
      }
    },
    "../../utils/prop-types/node_modules/react-is": {
      "version": "16.13.1",
      "license": "MIT"
    },
    "../../utils/resizer": {
      "name": "@wpmedia/feeds-resizer",
      "version": "1.0.1",
      "license": "UNLICENSED",
      "dependencies": {
        "thumbor-lite": "^0.1.8"
      }
    },
    "../../utils/resizer/node_modules/cipher-base": {
      "version": "1.0.4",
      "license": "MIT",
      "dependencies": {
        "inherits": "^2.0.1",
        "safe-buffer": "^5.0.1"
      }
    },
    "../../utils/resizer/node_modules/inherits": {
      "version": "2.0.4",
      "license": "ISC"
    },
    "../../utils/resizer/node_modules/safe-buffer": {
      "version": "5.2.0",
      "license": "MIT"
    },
    "../../utils/resizer/node_modules/thumbor-lite": {
      "version": "0.1.8",
      "license": "MIT",
      "dependencies": {
        "cipher-base": "^1.0.4",
        "inherits": "^2.0.4",
        "safe-buffer": "^5.2.0"
      }
    },
    "node_modules/@wpmedia/feeds-prop-types": {
      "resolved": "../../utils/prop-types",
      "link": true
    },
    "node_modules/@wpmedia/feeds-resizer": {
      "resolved": "../../utils/resizer",
      "link": true
    }
  },
  "dependencies": {
    "@wpmedia/feeds-prop-types": {
      "version": "file:../../utils/prop-types",
      "requires": {
        "prop-types": "^15.7.2"
      },
      "dependencies": {
        "js-tokens": {
          "version": "4.0.0"
        },
        "loose-envify": {
          "version": "1.4.0",
          "requires": {
            "js-tokens": "^3.0.0 || ^4.0.0"
          }
        },
        "object-assign": {
          "version": "4.1.1"
        },
        "prop-types": {
          "version": "15.7.2",
          "requires": {
            "loose-envify": "^1.4.0",
            "object-assign": "^4.1.1",
            "react-is": "^16.8.1"
          }
        },
        "react-is": {
          "version": "16.13.1"
        }
      }
    },
    "@wpmedia/feeds-resizer": {
      "version": "file:../../utils/resizer",
      "requires": {
        "thumbor-lite": "^0.1.8"
      },
      "dependencies": {
        "cipher-base": {
          "version": "1.0.4",
          "requires": {
            "inherits": "^2.0.1",
            "safe-buffer": "^5.0.1"
          }
        },
        "inherits": {
          "version": "2.0.4"
        },
        "safe-buffer": {
          "version": "5.2.0"
        },
        "thumbor-lite": {
          "version": "0.1.8",
          "requires": {
            "cipher-base": "^1.0.4",
            "inherits": "^2.0.4",
            "safe-buffer": "^5.2.0"
          }
        }
      }
    }
  }
}
