{
  "name": "@wpmedia/sitemap-feature-block",
  "version": "1.6.0",
  "lockfileVersion": 1,
  "requires": true,
  "dependencies": {
    "@wpmedia/feeds-find-video-stream": {
      "version": "1.0.6",
      "resolved": "https://npm.pkg.github.com/download/@wpmedia/feeds-find-video-stream/1.0.6/257ad4f8ca5e3973cac0a1dc099725e75f14dc57723e50d8549bc3bac17042b0",
      "integrity": "sha512-JXmTMavkzWbWMjvipPDsLc/rwYu0bx5X2mTvb+ap+FqWoBBkJh3nebGFq/DMfSS5ewLtukC16cwRfdgxqsl0Jw==",
      "requires": {
        "jmespath": "^0.15.0"
      }
    },
    "@wpmedia/feeds-promo-items": {
      "version": "1.0.6",
      "resolved": "https://npm.pkg.github.com/download/@wpmedia/feeds-promo-items/1.0.6/58fb23405fe24290f546d289c7d5816cd4aa84c0760744dd396ab08932ed4fb9",
      "integrity": "sha512-MzsGyGZ/rGNAAqlmAyKrO0MWrQyQgWCDYcnlptcwHYUVcyf81TGbAnS9ce2LwRoaeuOgVpHClJz5u5tTq0HZcA==",
      "requires": {
        "@wpmedia/feeds-find-video-stream": "1.0.6",
        "@wpmedia/feeds-resizer": "1.0.6",
        "jmespath": "^0.15.0"
      }
    },
    "@wpmedia/feeds-prop-types": {
      "version": "1.0.6",
      "resolved": "https://npm.pkg.github.com/download/@wpmedia/feeds-prop-types/1.0.6/c9381195fd94a475eca7a6820b9a72bb06f0a53a3b7796294ea32ac23bcd8302",
      "integrity": "sha512-spfC4q2n2Lts+oEvA6e0PcNoV9QwisMNzf9MWf1C0/CIkoe6P8HXzfTa3rewNxWo26Am9rS4LQ7EgYZ5hM1F8Q==",
      "requires": {
        "prop-types": "^15.7.2"
      }
    },
    "@wpmedia/feeds-resizer": {
      "version": "1.0.6",
      "resolved": "https://npm.pkg.github.com/download/@wpmedia/feeds-resizer/1.0.6/0ce63a556ffef4fe4176e2a48973b1cd63812783bed5ac47220755a83334d702",
      "integrity": "sha512-V9ShtU87YdAZjdWC2AsWKhR1E8Q7CRcJ747lPy51p7oqwlWCfEX8OqCFfNJSzrAcHqNYTzaa4cBgDso5lQEYFw==",
      "requires": {
        "thumbor-lite": "^0.1.8"
      }
    },
    "cipher-base": {
      "version": "1.0.4",
      "resolved": "https://registry.npmjs.org/cipher-base/-/cipher-base-1.0.4.tgz",
      "integrity": "sha512-Kkht5ye6ZGmwv40uUDZztayT2ThLQGfnj/T71N/XzeZeo3nf8foyW7zGTsPYkEya3m5f3cAypH+qe7YOrM1U2Q==",
      "requires": {
        "inherits": "^2.0.1",
        "safe-buffer": "^5.0.1"
      }
    },
    "inherits": {
      "version": "2.0.4",
      "resolved": "https://registry.npmjs.org/inherits/-/inherits-2.0.4.tgz",
      "integrity": "sha512-k/vGaX4/Yla3WzyMCvTQOXYeIHvqOKtnqBduzTHpzpQZzAskKMhZ2K+EnBiSM9zGSoIFeMpXKxa4dYeZIQqewQ=="
    },
    "jmespath": {
      "version": "0.15.0",
      "resolved": "https://registry.npmjs.org/jmespath/-/jmespath-0.15.0.tgz",
      "integrity": "sha1-o/Iiqarp+Wb10nx5ZRDigJF2Qhc="
    },
    "js-tokens": {
      "version": "4.0.0",
      "resolved": "https://registry.npmjs.org/js-tokens/-/js-tokens-4.0.0.tgz",
      "integrity": "sha512-RdJUflcE3cUzKiMqQgsCu06FPu9UdIJO0beYbPhHN4k6apgJtifcoCtT9bcxOpYBtpD2kCM6Sbzg4CausW/PKQ=="
    },
    "loose-envify": {
      "version": "1.4.0",
      "resolved": "https://registry.npmjs.org/loose-envify/-/loose-envify-1.4.0.tgz",
      "integrity": "sha512-lyuxPGr/Wfhrlem2CL/UcnUc1zcqKAImBDzukY7Y5F/yQiNdko6+fRLevlw1HgMySw7f611UIY408EtxRSoK3Q==",
      "requires": {
        "js-tokens": "^3.0.0 || ^4.0.0"
      }
    },
    "object-assign": {
      "version": "4.1.1",
      "resolved": "https://registry.npmjs.org/object-assign/-/object-assign-4.1.1.tgz",
      "integrity": "sha1-IQmtx5ZYh8/AXLvUQsrIv7s2CGM="
    },
    "prop-types": {
      "version": "15.7.2",
      "resolved": "https://registry.npmjs.org/prop-types/-/prop-types-15.7.2.tgz",
      "integrity": "sha512-8QQikdH7//R2vurIJSutZ1smHYTcLpRWEOlHnzcWHmBYrOGUysKwSsrC89BCiFj3CbrfJ/nXFdJepOVrY1GCHQ==",
      "requires": {
        "loose-envify": "^1.4.0",
        "object-assign": "^4.1.1",
        "react-is": "^16.8.1"
      }
    },
    "react-is": {
      "version": "16.13.1",
      "resolved": "https://registry.npmjs.org/react-is/-/react-is-16.13.1.tgz",
      "integrity": "sha512-24e6ynE2H+OKt4kqsOvNd8kBpV65zoxbA4BVsEOB3ARVWQki/DHzaUoC5KuON/BiccDaCCTZBuOcfZs70kR8bQ=="
    },
    "safe-buffer": {
      "version": "5.2.1",
      "resolved": "https://registry.npmjs.org/safe-buffer/-/safe-buffer-5.2.1.tgz",
      "integrity": "sha512-rp3So07KcdmmKbGvgaNxQSJr7bGVSVk5S9Eq1F+ppbRo70+YeaDxkw5Dd8NPN+GD6bjnYm2VuPuCXmpuYvmCXQ=="
    },
    "thumbor-lite": {
      "version": "0.1.8",
      "resolved": "https://registry.npmjs.org/thumbor-lite/-/thumbor-lite-0.1.8.tgz",
      "integrity": "sha512-8C0Ohi2vi0/JVdhRVzNEhtF3MptFp3r9Br0nU3rjor3m5zhGL6QtGJZPV42NJ/e8qyVisZtr0d/Ew4mBz5w4OQ==",
      "requires": {
        "cipher-base": "^1.0.4",
        "inherits": "^2.0.4",
        "safe-buffer": "^5.2.0"
      }
    }
  }
}
