{
  "name": "@wpmedia/sitemap-news-feature-block",
  "version": "1.5.0",
  "lockfileVersion": 1,
  "requires": true,
  "dependencies": {
    "@wpmedia/feeds-find-video-stream": {
      "version": "1.0.2",
      "resolved": "https://npm.pkg.github.com/download/@wpmedia/feeds-find-video-stream/1.0.2/db388bbf40ac4bddb43b4ddc9e1d23b34ca2cfae2e413db596ea79284eafcf07",
      "integrity": "sha512-AZw+dDHCsklzvgyyt8m6NSimvG3ryrN+q6oG7GyK1UD9dgWALh/zKXU61+HEU71uvFs4OBL+I0883bV87fuVWg==",
      "requires": {
        "jmespath": "^0.15.0"
      }
    },
    "@wpmedia/feeds-promo-items": {
      "version": "1.0.3-tk.2",
      "resolved": "https://npm.pkg.github.com/download/@wpmedia/feeds-promo-items/1.0.3-tk.2/616b89cce46746ec88cf4c83f7e07a485a4e06bd1d992f4d03daf66a080a112a",
      "integrity": "sha512-/o1ac7Xwgmcnu/A8xBJZhUH7wssXi7oD6wZquE/XhwxgqfDBL6OObtXhQZNnU02OALCn0NRIN/gVOw/9YxOzuw==",
      "requires": {
        "@wpmedia/feeds-find-video-stream": "1.0.2",
        "@wpmedia/feeds-resizer": "1.0.2",
        "jmespath": "^0.15.0"
      }
    },
    "@wpmedia/feeds-prop-types": {
      "version": "1.0.3-tk.1",
      "resolved": "https://npm.pkg.github.com/download/@wpmedia/feeds-prop-types/1.0.3-tk.1/b8dd5b10a40473f813fe6c3e609cb198e6b348966b3efa186c10fd2bc5ed1d4d",
      "integrity": "sha512-3ihl23AygNsr5jErs1hJH76C+wBP+/J3Lhi3JzBEICLJHdED7t6NdVISV/Uqjd181H9C9dL7+CkcoZoouwAaIA==",
      "requires": {
        "prop-types": "^15.7.2"
      }
    },
    "@wpmedia/feeds-resizer": {
      "version": "1.0.2",
      "resolved": "https://npm.pkg.github.com/download/@wpmedia/feeds-resizer/1.0.2/b77a125738be5f90d075288e3aacfae30fe7eb8344d405ae4b9b975fa6a83c50",
      "integrity": "sha512-IYrSIjUMOs0TJ19t8gQoXgbQHtJpsC++R9UCqUa/o+MDTW34sSu5Cx/v6dJbPqHQD52cVigAoUlc0PAMDoIQ9w==",
      "requires": {
        "thumbor-lite": "^0.1.8"
      }
    },
    "cipher-base": {
      "version": "1.0.4",
      "resolved": "https://registry.npmjs.org/cipher-base/-/cipher-base-1.0.4.tgz",
      "integrity": "sha512-Kkht5ye6ZGmwv40uUDZztayT2ThLQGfnj/T71N/XzeZeo3nf8foyW7zGTsPYkEya3m5f3cAypH+qe7YOrM1U2Q==",
      "requires": {
        "inherits": "^2.0.1",
        "safe-buffer": "^5.0.1"
      }
    },
    "inherits": {
      "version": "2.0.4",
      "resolved": "https://registry.npmjs.org/inherits/-/inherits-2.0.4.tgz",
      "integrity": "sha512-k/vGaX4/Yla3WzyMCvTQOXYeIHvqOKtnqBduzTHpzpQZzAskKMhZ2K+EnBiSM9zGSoIFeMpXKxa4dYeZIQqewQ=="
    },
    "jmespath": {
      "version": "0.15.0",
      "resolved": "https://registry.npmjs.org/jmespath/-/jmespath-0.15.0.tgz",
      "integrity": "sha1-o/Iiqarp+Wb10nx5ZRDigJF2Qhc="
    },
    "js-tokens": {
      "version": "4.0.0",
      "resolved": "https://registry.npmjs.org/js-tokens/-/js-tokens-4.0.0.tgz",
      "integrity": "sha512-RdJUflcE3cUzKiMqQgsCu06FPu9UdIJO0beYbPhHN4k6apgJtifcoCtT9bcxOpYBtpD2kCM6Sbzg4CausW/PKQ=="
    },
    "loose-envify": {
      "version": "1.4.0",
      "resolved": "https://registry.npmjs.org/loose-envify/-/loose-envify-1.4.0.tgz",
      "integrity": "sha512-lyuxPGr/Wfhrlem2CL/UcnUc1zcqKAImBDzukY7Y5F/yQiNdko6+fRLevlw1HgMySw7f611UIY408EtxRSoK3Q==",
      "requires": {
        "js-tokens": "^3.0.0 || ^4.0.0"
      }
    },
    "object-assign": {
      "version": "4.1.1",
      "resolved": "https://registry.npmjs.org/object-assign/-/object-assign-4.1.1.tgz",
      "integrity": "sha1-IQmtx5ZYh8/AXLvUQsrIv7s2CGM="
    },
    "prop-types": {
      "version": "15.7.2",
      "resolved": "https://registry.npmjs.org/prop-types/-/prop-types-15.7.2.tgz",
      "integrity": "sha512-8QQikdH7//R2vurIJSutZ1smHYTcLpRWEOlHnzcWHmBYrOGUysKwSsrC89BCiFj3CbrfJ/nXFdJepOVrY1GCHQ==",
      "requires": {
        "loose-envify": "^1.4.0",
        "object-assign": "^4.1.1",
        "react-is": "^16.8.1"
      }
    },
    "react-is": {
      "version": "16.13.1",
      "resolved": "https://registry.npmjs.org/react-is/-/react-is-16.13.1.tgz",
      "integrity": "sha512-24e6ynE2H+OKt4kqsOvNd8kBpV65zoxbA4BVsEOB3ARVWQki/DHzaUoC5KuON/BiccDaCCTZBuOcfZs70kR8bQ=="
    },
    "safe-buffer": {
      "version": "5.2.0",
      "resolved": "https://registry.npmjs.org/safe-buffer/-/safe-buffer-5.2.0.tgz",
      "integrity": "sha512-fZEwUGbVl7kouZs1jCdMLdt95hdIv0ZeHg6L7qPeciMZhZ+/gdesW4wgTARkrFWEpspjEATAzUGPG8N2jJiwbg=="
    },
    "thumbor-lite": {
      "version": "0.1.8",
      "resolved": "https://registry.npmjs.org/thumbor-lite/-/thumbor-lite-0.1.8.tgz",
      "integrity": "sha512-8C0Ohi2vi0/JVdhRVzNEhtF3MptFp3r9Br0nU3rjor3m5zhGL6QtGJZPV42NJ/e8qyVisZtr0d/Ew4mBz5w4OQ==",
      "requires": {
        "cipher-base": "^1.0.4",
        "inherits": "^2.0.4",
        "safe-buffer": "^5.2.0"
      }
    }
  }
}
