{
	"name": "@wpmedia/rss-flipboard-feature-block",
	"version": "1.2.0",
	"lockfileVersion": 2,
	"requires": true,
	"packages": {
		"": {
			"name": "@wpmedia/rss-flipboard-feature-block",
			"version": "1.2.0",
			"license": "CC-BY-NC-ND-4.0",
			"dependencies": {
				"jmespath": "^0.15.0",
				"moment": "^2.24.0"
			}
		},
		"../../utils/content-elements": {
			"name": "@wpmedia/feeds-content-elements",
			"version": "1.0.1",
			"extraneous": true,
			"license": "UNLICENSED",
			"dependencies": {
				"he": "^1.2.0",
				"jmespath": "^0.15.0",
				"xmlbuilder2": "2.1.2"
			}
		},
		"../../utils/find-video-stream": {
			"name": "@wpmedia/feeds-find-video-stream",
			"version": "1.0.1",
			"extraneous": true,
			"license": "UNLICENSED",
			"dependencies": {
				"jmespath": "^0.15.0"
			}
		},
		"../../utils/prop-types": {
			"name": "@wpmedia/feeds-prop-types",
			"version": "1.0.1",
			"extraneous": true,
			"license": "UNLICENSED",
			"dependencies": {
				"prop-types": "^15.7.2"
			}
		},
		"../../utils/resizer": {
			"name": "@wpmedia/feeds-resizer",
			"version": "1.0.1",
			"extraneous": true,
			"license": "UNLICENSED",
			"dependencies": {
				"thumbor-lite": "^0.1.8"
			}
		},
		"node_modules/jmespath": {
			"version": "0.15.0",
			"engines": {
				"node": ">= 0.6.0"
			}
		},
		"node_modules/moment": {
			"version": "2.29.1",
			"license": "MIT",
			"engines": {
				"node": "*"
			}
		}
	},
	"dependencies": {
		"jmespath": {
			"version": "0.15.0"
		},
		"moment": {
			"version": "2.29.1"
		}
	}
}
