{
	"name": "@wpmedia/rss-flipboard-feature-block",
	"version": "1.2.0",
	"lockfileVersion": 2,
	"requires": true,
	"packages": {
		"": {
			"name": "@wpmedia/rss-flipboard-feature-block",
			"version": "1.2.0",
			"license": "CC-BY-NC-ND-4.0",
			"dependencies": {
				"jmespath": "^0.15.0",
				"moment": "^2.24.0"
			}
		},
		"node_modules/jmespath": {
			"version": "0.15.0",
			"resolved": "https://registry.npmjs.org/jmespath/-/jmespath-0.15.0.tgz",
			"integrity": "sha1-o/Iiqarp+Wb10nx5ZRDigJF2Qhc=",
			"engines": {
				"node": ">= 0.6.0"
			}
		},
		"node_modules/moment": {
			"version": "2.29.1",
			"resolved": "https://registry.npmjs.org/moment/-/moment-2.29.1.tgz",
			"integrity": "sha512-kHmoybcPV8Sqy59DwNDY3Jefr64lK/by/da0ViFcuA4DH0vQg5Q6Ze5VimxkfQNSC+Mls/Kx53s7TjP1RhFEDQ==",
			"engines": {
				"node": "*"
			}
		}
	},
	"dependencies": {
		"jmespath": {
			"version": "0.15.0",
			"resolved": "https://registry.npmjs.org/jmespath/-/jmespath-0.15.0.tgz",
			"integrity": "sha1-o/Iiqarp+Wb10nx5ZRDigJF2Qhc="
		},
		"moment": {
			"version": "2.29.1",
			"resolved": "https://registry.npmjs.org/moment/-/moment-2.29.1.tgz",
			"integrity": "sha512-kHmoybcPV8Sqy59DwNDY3Jefr64lK/by/da0ViFcuA4DH0vQg5Q6Ze5VimxkfQNSC+Mls/Kx53s7TjP1RhFEDQ=="
		}
	}
}
